
Microsoft Visual Studio Solution File, Format Version 12.00
# Visual Studio Version 16
VisualStudioVersion = 16.0.32002.261
MinimumVisualStudioVersion = 10.0.40219.1
Project("{FAE04EC0-301F-11D3-BF4B-00C04F79EFBC}") = "SnD.Sdk.Tests", "test\SnD.Sdk.Tests.csproj", "{53BB84D0-7998-4747-9E30-18F0B90A31B4}"
EndProject
Project("{FAE04EC0-301F-11D3-BF4B-00C04F79EFBC}") = "SnD.Sdk", "src\SnD.Sdk\SnD.Sdk.csproj", "{B60C0D69-0B59-4ED4-941C-B3BC44C02D02}"
EndProject
Project("{FAE04EC0-301F-11D3-BF4B-00C04F79EFBC}") = "SnD.Sdk.Storage.Minio", "src\SnD.Sdk.Storage.Minio\SnD.Sdk.Storage.Minio.csproj", "{FB1FC986-DE77-4BB8-8E8D-1C66FF978308}"
EndProject
Project("{FAE04EC0-301F-11D3-BF4B-00C04F79EFBC}") = "SnD.Sdk.Extensions.Environment", "src\SnD.Sdk.Extensions.Environment\SnD.Sdk.Extensions.Environment.csproj", "{0528DC41-6154-49F3-8C5C-06E6EE63E126}"
EndProject
Global
	GlobalSection(SolutionConfigurationPlatforms) = preSolution
		Debug|Any CPU = Debug|Any CPU
		Release|Any CPU = Release|Any CPU
	EndGlobalSection
	GlobalSection(ProjectConfigurationPlatforms) = postSolution
		{53BB84D0-7998-4747-9E30-18F0B90A31B4}.Debug|Any CPU.ActiveCfg = Debug|Any CPU
		{53BB84D0-7998-4747-9E30-18F0B90A31B4}.Debug|Any CPU.Build.0 = Debug|Any CPU
		{53BB84D0-7998-4747-9E30-18F0B90A31B4}.Release|Any CPU.ActiveCfg = Release|Any CPU
		{53BB84D0-7998-4747-9E30-18F0B90A31B4}.Release|Any CPU.Build.0 = Release|Any CPU
		{B60C0D69-0B59-4ED4-941C-B3BC44C02D02}.Debug|Any CPU.ActiveCfg = Debug|Any CPU
		{B60C0D69-0B59-4ED4-941C-B3BC44C02D02}.Debug|Any CPU.Build.0 = Debug|Any CPU
		{B60C0D69-0B59-4ED4-941C-B3BC44C02D02}.Release|Any CPU.ActiveCfg = Release|Any CPU
		{B60C0D69-0B59-4ED4-941C-B3BC44C02D02}.Release|Any CPU.Build.0 = Release|Any CPU
		{FB1FC986-DE77-4BB8-8E8D-1C66FF978308}.Debug|Any CPU.ActiveCfg = Debug|Any CPU
		{FB1FC986-DE77-4BB8-8E8D-1C66FF978308}.Debug|Any CPU.Build.0 = Debug|Any CPU
		{FB1FC986-DE77-4BB8-8E8D-1C66FF978308}.Release|Any CPU.ActiveCfg = Release|Any CPU
		{FB1FC986-DE77-4BB8-8E8D-1C66FF978308}.Release|Any CPU.Build.0 = Release|Any CPU
		{0528DC41-6154-49F3-8C5C-06E6EE63E126}.Debug|Any CPU.ActiveCfg = Debug|Any CPU
		{0528DC41-6154-49F3-8C5C-06E6EE63E126}.Debug|Any CPU.Build.0 = Debug|Any CPU
		{0528DC41-6154-49F3-8C5C-06E6EE63E126}.Release|Any CPU.ActiveCfg = Release|Any CPU
		{0528DC41-6154-49F3-8C5C-06E6EE63E126}.Release|Any CPU.Build.0 = Release|Any CPU
	EndGlobalSection
	GlobalSection(SolutionProperties) = preSolution
		HideSolutionNode = FALSE
	EndGlobalSection
	GlobalSection(ExtensibilityGlobals) = postSolution
		SolutionGuid = {F56E7459-1706-49C1-A18D-0F4D9FF698CC}
	EndGlobalSection
EndGlobal
