
Microsoft Visual Studio Solution File, Format Version 12.00
# Visual Studio Version 16
VisualStudioVersion = 16.0.32002.261
MinimumVisualStudioVersion = 10.0.40219.1
Project("{9A19103F-16F7-4668-BE54-9A1E7A4F7556}") = "SnD.Sdk", "src\SnD.Sdk.csproj", "{ABBDC299-FFA3-471B-820D-8AE885D9728A}"
EndProject
Project("{FAE04EC0-301F-11D3-BF4B-00C04F79EFBC}") = "SnD.Sdk.Tests", "test\SnD.Sdk.Tests.csproj", "{53BB84D0-7998-4747-9E30-18F0B90A31B4}"
EndProject
Global
	GlobalSection(SolutionConfigurationPlatforms) = preSolution
		Debug|Any CPU = Debug|Any CPU
		Release|Any CPU = Release|Any CPU
	EndGlobalSection
	GlobalSection(ProjectConfigurationPlatforms) = postSolution
		{ABBDC299-FFA3-471B-820D-8AE885D9728A}.Debug|Any CPU.ActiveCfg = Debug|Any CPU
		{ABBDC299-FFA3-471B-820D-8AE885D9728A}.Debug|Any CPU.Build.0 = Debug|Any CPU
		{ABBDC299-FFA3-471B-820D-8AE885D9728A}.Release|Any CPU.ActiveCfg = Release|Any CPU
		{ABBDC299-FFA3-471B-820D-8AE885D9728A}.Release|Any CPU.Build.0 = Release|Any CPU
		{53BB84D0-7998-4747-9E30-18F0B90A31B4}.Debug|Any CPU.ActiveCfg = Debug|Any CPU
		{53BB84D0-7998-4747-9E30-18F0B90A31B4}.Debug|Any CPU.Build.0 = Debug|Any CPU
		{53BB84D0-7998-4747-9E30-18F0B90A31B4}.Release|Any CPU.ActiveCfg = Release|Any CPU
		{53BB84D0-7998-4747-9E30-18F0B90A31B4}.Release|Any CPU.Build.0 = Release|Any CPU
	EndGlobalSection
	GlobalSection(SolutionProperties) = preSolution
		HideSolutionNode = FALSE
	EndGlobalSection
	GlobalSection(ExtensibilityGlobals) = postSolution
		SolutionGuid = {F56E7459-1706-49C1-A18D-0F4D9FF698CC}
	EndGlobalSection
EndGlobal
